
Microsoft Visual Studio Solution File, Format Version 12.00
# Visual Studio Version 16
VisualStudioVersion = 16.0.29123.88
MinimumVisualStudioVersion = 10.0.40219.1
Project("{FAE04EC0-301F-11D3-BF4B-00C04F79EFBC}") = "ue2wav", "ue2wav.csproj", "{458A3AC3-DDD4-4E33-A3A3-284E7DD86FEB}"
EndProject
Global
	GlobalSection(SolutionConfigurationPlatforms) = preSolution
		Debug|Any CPU = Debug|Any CPU
		Release|Any CPU = Release|Any CPU
	EndGlobalSection
	GlobalSection(ProjectConfigurationPlatforms) = postSolution
		{458A3AC3-DDD4-4E33-A3A3-284E7DD86FEB}.Debug|Any CPU.ActiveCfg = Debug|Any CPU
		{458A3AC3-DDD4-4E33-A3A3-284E7DD86FEB}.Debug|Any CPU.Build.0 = Debug|Any CPU
		{458A3AC3-DDD4-4E33-A3A3-284E7DD86FEB}.Release|Any CPU.ActiveCfg = Release|Any CPU
		{458A3AC3-DDD4-4E33-A3A3-284E7DD86FEB}.Release|Any CPU.Build.0 = Release|Any CPU
	EndGlobalSection
	GlobalSection(SolutionProperties) = preSolution
		HideSolutionNode = FALSE
	EndGlobalSection
	GlobalSection(ExtensibilityGlobals) = postSolution
		SolutionGuid = {0A936092-04C0-4747-A62D-BE18286B2868}
	EndGlobalSection
EndGlobal
